
Microsoft Visual Studio Solution File, Format Version 12.00
# Visual Studio Version 16
VisualStudioVersion = 16.0.28803.352
MinimumVisualStudioVersion = 10.0.40219.1
Project("{9A19103F-16F7-4668-BE54-9A1E7A4F7556}") = "FindDupes", "FindDupes\FindDupes.csproj", "{CDB333BC-7784-4D57-B922-8FDFCB28490C}"
EndProject
Project("{FAE04EC0-301F-11D3-BF4B-00C04F79EFBC}") = "UnitTests", "UnitTests\UnitTests.csproj", "{65DE56B5-31AC-48F4-ABB6-373AF8F7F966}"
EndProject
Global
	GlobalSection(SolutionConfigurationPlatforms) = preSolution
		Debug|Any CPU = Debug|Any CPU
		Release|Any CPU = Release|Any CPU
	EndGlobalSection
	GlobalSection(ProjectConfigurationPlatforms) = postSolution
		{CDB333BC-7784-4D57-B922-8FDFCB28490C}.Debug|Any CPU.ActiveCfg = Debug|Any CPU
		{CDB333BC-7784-4D57-B922-8FDFCB28490C}.Debug|Any CPU.Build.0 = Debug|Any CPU
		{CDB333BC-7784-4D57-B922-8FDFCB28490C}.Release|Any CPU.ActiveCfg = Release|Any CPU
		{CDB333BC-7784-4D57-B922-8FDFCB28490C}.Release|Any CPU.Build.0 = Release|Any CPU
		{65DE56B5-31AC-48F4-ABB6-373AF8F7F966}.Debug|Any CPU.ActiveCfg = Debug|Any CPU
		{65DE56B5-31AC-48F4-ABB6-373AF8F7F966}.Debug|Any CPU.Build.0 = Debug|Any CPU
		{65DE56B5-31AC-48F4-ABB6-373AF8F7F966}.Release|Any CPU.ActiveCfg = Release|Any CPU
		{65DE56B5-31AC-48F4-ABB6-373AF8F7F966}.Release|Any CPU.Build.0 = Release|Any CPU
	EndGlobalSection
	GlobalSection(SolutionProperties) = preSolution
		HideSolutionNode = FALSE
	EndGlobalSection
	GlobalSection(ExtensibilityGlobals) = postSolution
		SolutionGuid = {838BF6F7-CC39-4435-9436-05266DF341E7}
	EndGlobalSection
EndGlobal
